// !$*UTF8*$!
{
	archiveVersion = 1;
	classes = {
	};
	objectVersion = 48;
	objects = {

/* Begin PBXBuildFile section */
		7C56CBCA203B5CB400DF330C /* WordBank.swift in Sources */ = {isa = PBXBuildFile; fileRef = 7C56CBC9203B5CB400DF330C /* WordBank.swift */; };
		7C56CBCC203B76DE00DF330C /* MagneticaVC.swift in Sources */ = {isa = PBXBuildFile; fileRef = 7C56CBCB203B76DE00DF330C /* MagneticaVC.swift */; };
		7C901366204C902D00F4791D /* MagneticaModel.swift in Sources */ = {isa = PBXBuildFile; fileRef = 7C901365204C902D00F4791D /* MagneticaModel.swift */; };
		7C901368204C914D00F4791D /* WordModel.swift in Sources */ = {isa = PBXBuildFile; fileRef = 7C901367204C914D00F4791D /* WordModel.swift */; };
		7CA84537204C860200ED1AD3 /* MagneticaConstants.swift in Sources */ = {isa = PBXBuildFile; fileRef = 7CA84536204C860200ED1AD3 /* MagneticaConstants.swift */; };
		7CE24934204B5EC2009457CB /* SettingsTableVC.swift in Sources */ = {isa = PBXBuildFile; fileRef = 7CE24933204B5EC2009457CB /* SettingsTableVC.swift */; };
		AE38BC2E203A667500D41655 /* WordsTableVC.swift in Sources */ = {isa = PBXBuildFile; fileRef = AE38BC2D203A667500D41655 /* WordsTableVC.swift */; };
		AEDBD63E2028AEAA0068ADB8 /* AppDelegate.swift in Sources */ = {isa = PBXBuildFile; fileRef = AEDBD63D2028AEAA0068ADB8 /* AppDelegate.swift */; };
		AEDBD6402028AEAA0068ADB8 /* ViewController.swift in Sources */ = {isa = PBXBuildFile; fileRef = AEDBD63F2028AEAA0068ADB8 /* ViewController.swift */; };
		AEDBD6432028AEAA0068ADB8 /* Main.storyboard in Resources */ = {isa = PBXBuildFile; fileRef = AEDBD6412028AEAA0068ADB8 /* Main.storyboard */; };
		AEDBD6452028AEAA0068ADB8 /* Assets.xcassets in Resources */ = {isa = PBXBuildFile; fileRef = AEDBD6442028AEAA0068ADB8 /* Assets.xcassets */; };
		AEDBD6482028AEAA0068ADB8 /* LaunchScreen.storyboard in Resources */ = {isa = PBXBuildFile; fileRef = AEDBD6462028AEAA0068ADB8 /* LaunchScreen.storyboard */; };
/* End PBXBuildFile section */

/* Begin PBXFileReference section */
		7C56CBC9203B5CB400DF330C /* WordBank.swift */ = {isa = PBXFileReference; lastKnownFileType = sourcecode.swift; path = WordBank.swift; sourceTree = "<group>"; };
		7C56CBCB203B76DE00DF330C /* MagneticaVC.swift */ = {isa = PBXFileReference; lastKnownFileType = sourcecode.swift; path = MagneticaVC.swift; sourceTree = "<group>"; };
		7C901365204C902D00F4791D /* MagneticaModel.swift */ = {isa = PBXFileReference; lastKnownFileType = sourcecode.swift; path = MagneticaModel.swift; sourceTree = "<group>"; };
		7C901367204C914D00F4791D /* WordModel.swift */ = {isa = PBXFileReference; lastKnownFileType = sourcecode.swift; path = WordModel.swift; sourceTree = "<group>"; };
		7CA84536204C860200ED1AD3 /* MagneticaConstants.swift */ = {isa = PBXFileReference; lastKnownFileType = sourcecode.swift; path = MagneticaConstants.swift; sourceTree = "<group>"; };
		7CE24933204B5EC2009457CB /* SettingsTableVC.swift */ = {isa = PBXFileReference; lastKnownFileType = sourcecode.swift; path = SettingsTableVC.swift; sourceTree = "<group>"; };
		AE38BC2D203A667500D41655 /* WordsTableVC.swift */ = {isa = PBXFileReference; lastKnownFileType = sourcecode.swift; path = WordsTableVC.swift; sourceTree = "<group>"; };
		AEDBD63A2028AEA90068ADB8 /* Magnetica.app */ = {isa = PBXFileReference; explicitFileType = wrapper.application; includeInIndex = 0; path = Magnetica.app; sourceTree = BUILT_PRODUCTS_DIR; };
		AEDBD63D2028AEAA0068ADB8 /* AppDelegate.swift */ = {isa = PBXFileReference; lastKnownFileType = sourcecode.swift; path = AppDelegate.swift; sourceTree = "<group>"; };
		AEDBD63F2028AEAA0068ADB8 /* ViewController.swift */ = {isa = PBXFileReference; lastKnownFileType = sourcecode.swift; path = ViewController.swift; sourceTree = "<group>"; };
		AEDBD6422028AEAA0068ADB8 /* Base */ = {isa = PBXFileReference; lastKnownFileType = file.storyboard; name = Base; path = Base.lproj/Main.storyboard; sourceTree = "<group>"; };
		AEDBD6442028AEAA0068ADB8 /* Assets.xcassets */ = {isa = PBXFileReference; lastKnownFileType = folder.assetcatalog; path = Assets.xcassets; sourceTree = "<group>"; };
		AEDBD6472028AEAA0068ADB8 /* Base */ = {isa = PBXFileReference; lastKnownFileType = file.storyboard; name = Base; path = Base.lproj/LaunchScreen.storyboard; sourceTree = "<group>"; };
		AEDBD6492028AEAA0068ADB8 /* Info.plist */ = {isa = PBXFileReference; lastKnownFileType = text.plist.xml; path = Info.plist; sourceTree = "<group>"; };
/* End PBXFileReference section */

/* Begin PBXFrameworksBuildPhase section */
		AEDBD6372028AEA90068ADB8 /* Frameworks */ = {
			isa = PBXFrameworksBuildPhase;
			buildActionMask = 2147483647;
			files = (
			);
			runOnlyForDeploymentPostprocessing = 0;
		};
/* End PBXFrameworksBuildPhase section */

/* Begin PBXGroup section */
		7CA84538204C8FE700ED1AD3 /* Utilities */ = {
			isa = PBXGroup;
			children = (
				7CA84536204C860200ED1AD3 /* MagneticaConstants.swift */,
			);
			path = Utilities;
			sourceTree = "<group>";
		};
		7CE24931204B5166009457CB /* VC */ = {
			isa = PBXGroup;
			children = (
				7C56CBCB203B76DE00DF330C /* MagneticaVC.swift */,
				7CE24933204B5EC2009457CB /* SettingsTableVC.swift */,
				AE38BC2D203A667500D41655 /* WordsTableVC.swift */,
			);
			path = VC;
			sourceTree = "<group>";
		};
		7CE24932204B51F1009457CB /* Model */ = {
			isa = PBXGroup;
			children = (
				7C56CBC9203B5CB400DF330C /* WordBank.swift */,
				7C901365204C902D00F4791D /* MagneticaModel.swift */,
				7C901367204C914D00F4791D /* WordModel.swift */,
			);
			path = Model;
			sourceTree = "<group>";
		};
		AEDBD6312028AEA90068ADB8 = {
			isa = PBXGroup;
			children = (
				AEDBD63C2028AEAA0068ADB8 /* Magnetica */,
				AEDBD63B2028AEA90068ADB8 /* Products */,
			);
			sourceTree = "<group>";
		};
		AEDBD63B2028AEA90068ADB8 /* Products */ = {
			isa = PBXGroup;
			children = (
				AEDBD63A2028AEA90068ADB8 /* Magnetica.app */,
			);
			name = Products;
			sourceTree = "<group>";
		};
		AEDBD63C2028AEAA0068ADB8 /* Magnetica */ = {
			isa = PBXGroup;
			children = (
				AEDBD63D2028AEAA0068ADB8 /* AppDelegate.swift */,
				AEDBD63F2028AEAA0068ADB8 /* ViewController.swift */,
				7CE24932204B51F1009457CB /* Model */,
				7CE24931204B5166009457CB /* VC */,
				7CA84538204C8FE700ED1AD3 /* Utilities */,
				AEDBD6412028AEAA0068ADB8 /* Main.storyboard */,
				AEDBD6442028AEAA0068ADB8 /* Assets.xcassets */,
				AEDBD6462028AEAA0068ADB8 /* LaunchScreen.storyboard */,
				AEDBD6492028AEAA0068ADB8 /* Info.plist */,
			);
			path = Magnetica;
			sourceTree = "<group>";
		};
/* End PBXGroup section */

/* Begin PBXNativeTarget section */
		AEDBD6392028AEA90068ADB8 /* Magnetica */ = {
			isa = PBXNativeTarget;
			buildConfigurationList = AEDBD64C2028AEAA0068ADB8 /* Build configuration list for PBXNativeTarget "Magnetica" */;
			buildPhases = (
				AEDBD6362028AEA90068ADB8 /* Sources */,
				AEDBD6372028AEA90068ADB8 /* Frameworks */,
				AEDBD6382028AEA90068ADB8 /* Resources */,
			);
			buildRules = (
			);
			dependencies = (
			);
			name = Magnetica;
			productName = Magnetica;
			productReference = AEDBD63A2028AEA90068ADB8 /* Magnetica.app */;
			productType = "com.apple.product-type.application";
		};
/* End PBXNativeTarget section */

/* Begin PBXProject section */
		AEDBD6322028AEA90068ADB8 /* Project object */ = {
			isa = PBXProject;
			attributes = {
				LastSwiftUpdateCheck = 0920;
				LastUpgradeCheck = 0920;
				ORGANIZATIONNAME = "Therese Henriksson";
				TargetAttributes = {
					AEDBD6392028AEA90068ADB8 = {
						CreatedOnToolsVersion = 9.2;
						ProvisioningStyle = Automatic;
					};
				};
			};
			buildConfigurationList = AEDBD6352028AEA90068ADB8 /* Build configuration list for PBXProject "Magnetica" */;
			compatibilityVersion = "Xcode 8.0";
			developmentRegion = en;
			hasScannedForEncodings = 0;
			knownRegions = (
				en,
				Base,
			);
			mainGroup = AEDBD6312028AEA90068ADB8;
			productRefGroup = AEDBD63B2028AEA90068ADB8 /* Products */;
			projectDirPath = "";
			projectRoot = "";
			targets = (
				AEDBD6392028AEA90068ADB8 /* Magnetica */,
			);
		};
/* End PBXProject section */

/* Begin PBXResourcesBuildPhase section */
		AEDBD6382028AEA90068ADB8 /* Resources */ = {
			isa = PBXResourcesBuildPhase;
			buildActionMask = 2147483647;
			files = (
				AEDBD6482028AEAA0068ADB8 /* LaunchScreen.storyboard in Resources */,
				AEDBD6452028AEAA0068ADB8 /* Assets.xcassets in Resources */,
				AEDBD6432028AEAA0068ADB8 /* Main.storyboard in Resources */,
			);
			runOnlyForDeploymentPostprocessing = 0;
		};
/* End PBXResourcesBuildPhase section */

/* Begin PBXSourcesBuildPhase section */
		AEDBD6362028AEA90068ADB8 /* Sources */ = {
			isa = PBXSourcesBuildPhase;
			buildActionMask = 2147483647;
			files = (
				AE38BC2E203A667500D41655 /* WordsTableVC.swift in Sources */,
				7C901368204C914D00F4791D /* WordModel.swift in Sources */,
				7C901366204C902D00F4791D /* MagneticaModel.swift in Sources */,
				7C56CBCA203B5CB400DF330C /* WordBank.swift in Sources */,
				AEDBD6402028AEAA0068ADB8 /* ViewController.swift in Sources */,
				AEDBD63E2028AEAA0068ADB8 /* AppDelegate.swift in Sources */,
				7CE24934204B5EC2009457CB /* SettingsTableVC.swift in Sources */,
				7C56CBCC203B76DE00DF330C /* MagneticaVC.swift in Sources */,
				7CA84537204C860200ED1AD3 /* MagneticaConstants.swift in Sources */,
			);
			runOnlyForDeploymentPostprocessing = 0;
		};
/* End PBXSourcesBuildPhase section */

/* Begin PBXVariantGroup section */
		AEDBD6412028AEAA0068ADB8 /* Main.storyboard */ = {
			isa = PBXVariantGroup;
			children = (
				AEDBD6422028AEAA0068ADB8 /* Base */,
			);
			name = Main.storyboard;
			sourceTree = "<group>";
		};
		AEDBD6462028AEAA0068ADB8 /* LaunchScreen.storyboard */ = {
			isa = PBXVariantGroup;
			children = (
				AEDBD6472028AEAA0068ADB8 /* Base */,
			);
			name = LaunchScreen.storyboard;
			sourceTree = "<group>";
		};
/* End PBXVariantGroup section */

/* Begin XCBuildConfiguration section */
		AEDBD64A2028AEAA0068ADB8 /* Debug */ = {
			isa = XCBuildConfiguration;
			buildSettings = {
				ALWAYS_SEARCH_USER_PATHS = NO;
				CLANG_ANALYZER_NONNULL = YES;
				CLANG_ANALYZER_NUMBER_OBJECT_CONVERSION = YES_AGGRESSIVE;
				CLANG_CXX_LANGUAGE_STANDARD = "gnu++14";
				CLANG_CXX_LIBRARY = "libc++";
				CLANG_ENABLE_MODULES = YES;
				CLANG_ENABLE_OBJC_ARC = YES;
				CLANG_WARN_BLOCK_CAPTURE_AUTORELEASING = YES;
				CLANG_WARN_BOOL_CONVERSION = YES;
				CLANG_WARN_COMMA = YES;
				CLANG_WARN_CONSTANT_CONVERSION = YES;
				CLANG_WARN_DIRECT_OBJC_ISA_USAGE = YES_ERROR;
				CLANG_WARN_DOCUMENTATION_COMMENTS = YES;
				CLANG_WARN_EMPTY_BODY = YES;
				CLANG_WARN_ENUM_CONVERSION = YES;
				CLANG_WARN_INFINITE_RECURSION = YES;
				CLANG_WARN_INT_CONVERSION = YES;
				CLANG_WARN_NON_LITERAL_NULL_CONVERSION = YES;
				CLANG_WARN_OBJC_LITERAL_CONVERSION = YES;
				CLANG_WARN_OBJC_ROOT_CLASS = YES_ERROR;
				CLANG_WARN_RANGE_LOOP_ANALYSIS = YES;
				CLANG_WARN_STRICT_PROTOTYPES = YES;
				CLANG_WARN_SUSPICIOUS_MOVE = YES;
				CLANG_WARN_UNGUARDED_AVAILABILITY = YES_AGGRESSIVE;
				CLANG_WARN_UNREACHABLE_CODE = YES;
				CLANG_WARN__DUPLICATE_METHOD_MATCH = YES;
				CODE_SIGN_IDENTITY = "iPhone Developer";
				COPY_PHASE_STRIP = NO;
				DEBUG_INFORMATION_FORMAT = dwarf;
				ENABLE_STRICT_OBJC_MSGSEND = YES;
				ENABLE_TESTABILITY = YES;
				GCC_C_LANGUAGE_STANDARD = gnu11;
				GCC_DYNAMIC_NO_PIC = NO;
				GCC_NO_COMMON_BLOCKS = YES;
				GCC_OPTIMIZATION_LEVEL = 0;
				GCC_PREPROCESSOR_DEFINITIONS = (
					"DEBUG=1",
					"$(inherited)",
				);
				GCC_WARN_64_TO_32_BIT_CONVERSION = YES;
				GCC_WARN_ABOUT_RETURN_TYPE = YES_ERROR;
				GCC_WARN_UNDECLARED_SELECTOR = YES;
				GCC_WARN_UNINITIALIZED_AUTOS = YES_AGGRESSIVE;
				GCC_WARN_UNUSED_FUNCTION = YES;
				GCC_WARN_UNUSED_VARIABLE = YES;
				IPHONEOS_DEPLOYMENT_TARGET = 11.2;
				MTL_ENABLE_DEBUG_INFO = YES;
				ONLY_ACTIVE_ARCH = YES;
				SDKROOT = iphoneos;
				SWIFT_ACTIVE_COMPILATION_CONDITIONS = DEBUG;
				SWIFT_OPTIMIZATION_LEVEL = "-Onone";
			};
			name = Debug;
		};
		AEDBD64B2028AEAA0068ADB8 /* Release */ = {
			isa = XCBuildConfiguration;
			buildSettings = {
				ALWAYS_SEARCH_USER_PATHS = NO;
				CLANG_ANALYZER_NONNULL = YES;
				CLANG_ANALYZER_NUMBER_OBJECT_CONVERSION = YES_AGGRESSIVE;
				CLANG_CXX_LANGUAGE_STANDARD = "gnu++14";
				CLANG_CXX_LIBRARY = "libc++";
				CLANG_ENABLE_MODULES = YES;
				CLANG_ENABLE_OBJC_ARC = YES;
				CLANG_WARN_BLOCK_CAPTURE_AUTORELEASING = YES;
				CLANG_WARN_BOOL_CONVERSION = YES;
				CLANG_WARN_COMMA = YES;
				CLANG_WARN_CONSTANT_CONVERSION = YES;
				CLANG_WARN_DIRECT_OBJC_ISA_USAGE = YES_ERROR;
				CLANG_WARN_DOCUMENTATION_COMMENTS = YES;
				CLANG_WARN_EMPTY_BODY = YES;
				CLANG_WARN_ENUM_CONVERSION = YES;
				CLANG_WARN_INFINITE_RECURSION = YES;
				CLANG_WARN_INT_CONVERSION = YES;
				CLANG_WARN_NON_LITERAL_NULL_CONVERSION = YES;
				CLANG_WARN_OBJC_LITERAL_CONVERSION = YES;
				CLANG_WARN_OBJC_ROOT_CLASS = YES_ERROR;
				CLANG_WARN_RANGE_LOOP_ANALYSIS = YES;
				CLANG_WARN_STRICT_PROTOTYPES = YES;
				CLANG_WARN_SUSPICIOUS_MOVE = YES;
				CLANG_WARN_UNGUARDED_AVAILABILITY = YES_AGGRESSIVE;
				CLANG_WARN_UNREACHABLE_CODE = YES;
				CLANG_WARN__DUPLICATE_METHOD_MATCH = YES;
				CODE_SIGN_IDENTITY = "iPhone Developer";
				COPY_PHASE_STRIP = NO;
				DEBUG_INFORMATION_FORMAT = "dwarf-with-dsym";
				ENABLE_NS_ASSERTIONS = NO;
				ENABLE_STRICT_OBJC_MSGSEND = YES;
				GCC_C_LANGUAGE_STANDARD = gnu11;
				GCC_NO_COMMON_BLOCKS = YES;
				GCC_WARN_64_TO_32_BIT_CONVERSION = YES;
				GCC_WARN_ABOUT_RETURN_TYPE = YES_ERROR;
				GCC_WARN_UNDECLARED_SELECTOR = YES;
				GCC_WARN_UNINITIALIZED_AUTOS = YES_AGGRESSIVE;
				GCC_WARN_UNUSED_FUNCTION = YES;
				GCC_WARN_UNUSED_VARIABLE = YES;
				IPHONEOS_DEPLOYMENT_TARGET = 11.2;
				MTL_ENABLE_DEBUG_INFO = NO;
				SDKROOT = iphoneos;
				SWIFT_OPTIMIZATION_LEVEL = "-Owholemodule";
				VALIDATE_PRODUCT = YES;
			};
			name = Release;
		};
		AEDBD64D2028AEAA0068ADB8 /* Debug */ = {
			isa = XCBuildConfiguration;
			buildSettings = {
				ASSETCATALOG_COMPILER_APPICON_NAME = AppIcon;
				"CODE_SIGN_IDENTITY[sdk=iphoneos*]" = "iPhone Developer";
				CODE_SIGN_STYLE = Automatic;
				DEVELOPMENT_TEAM = X4F9ZS23VV;
				INFOPLIST_FILE = Magnetica/Info.plist;
				LD_RUNPATH_SEARCH_PATHS = "$(inherited) @executable_path/Frameworks";
				OTHER_LDFLAGS = (
					"-all_load",
					"-ObjC",
				);
				PRODUCT_BUNDLE_IDENTIFIER = com.theresehenriksson.Magnetica;
				PRODUCT_NAME = "$(TARGET_NAME)";
				PROVISIONING_PROFILE_SPECIFIER = "";
				SWIFT_VERSION = 4.0;
				TARGETED_DEVICE_FAMILY = "1,2";
			};
			name = Debug;
		};
		AEDBD64E2028AEAA0068ADB8 /* Release */ = {
			isa = XCBuildConfiguration;
			buildSettings = {
				ASSETCATALOG_COMPILER_APPICON_NAME = AppIcon;
				"CODE_SIGN_IDENTITY[sdk=iphoneos*]" = "iPhone Developer";
				CODE_SIGN_STYLE = Automatic;
				DEVELOPMENT_TEAM = X4F9ZS23VV;
				INFOPLIST_FILE = Magnetica/Info.plist;
				LD_RUNPATH_SEARCH_PATHS = "$(inherited) @executable_path/Frameworks";
				OTHER_LDFLAGS = (
					"-all_load",
					"-ObjC",
				);
				PRODUCT_BUNDLE_IDENTIFIER = com.theresehenriksson.Magnetica;
				PRODUCT_NAME = "$(TARGET_NAME)";
				PROVISIONING_PROFILE_SPECIFIER = "";
				SWIFT_VERSION = 4.0;
				TARGETED_DEVICE_FAMILY = "1,2";
			};
			name = Release;
		};
/* End XCBuildConfiguration section */

/* Begin XCConfigurationList section */
		AEDBD6352028AEA90068ADB8 /* Build configuration list for PBXProject "Magnetica" */ = {
			isa = XCConfigurationList;
			buildConfigurations = (
				AEDBD64A2028AEAA0068ADB8 /* Debug */,
				AEDBD64B2028AEAA0068ADB8 /* Release */,
			);
			defaultConfigurationIsVisible = 0;
			defaultConfigurationName = Release;
		};
		AEDBD64C2028AEAA0068ADB8 /* Build configuration list for PBXNativeTarget "Magnetica" */ = {
			isa = XCConfigurationList;
			buildConfigurations = (
				AEDBD64D2028AEAA0068ADB8 /* Debug */,
				AEDBD64E2028AEAA0068ADB8 /* Release */,
			);
			defaultConfigurationIsVisible = 0;
			defaultConfigurationName = Release;
		};
/* End XCConfigurationList section */
	};
	rootObject = AEDBD6322028AEA90068ADB8 /* Project object */;
}
